
Microsoft Visual Studio Solution File, Format Version 12.00
# Visual Studio Version 16
VisualStudioVersion = 16.0.29503.13
MinimumVisualStudioVersion = 10.0.40219.1
Project("{FAE04EC0-301F-11D3-BF4B-00C04F79EFBC}") = "AppNumeroaletorios", "AppNumeroaletorios\AppNumeroaletorios.csproj", "{73245F09-8C04-4CFA-BF45-9ADC6E65943E}"
EndProject
Global
	GlobalSection(SolutionConfigurationPlatforms) = preSolution
		Debug|Any CPU = Debug|Any CPU
		Release|Any CPU = Release|Any CPU
	EndGlobalSection
	GlobalSection(ProjectConfigurationPlatforms) = postSolution
		{73245F09-8C04-4CFA-BF45-9ADC6E65943E}.Debug|Any CPU.ActiveCfg = Debug|Any CPU
		{73245F09-8C04-4CFA-BF45-9ADC6E65943E}.Debug|Any CPU.Build.0 = Debug|Any CPU
		{73245F09-8C04-4CFA-BF45-9ADC6E65943E}.Release|Any CPU.ActiveCfg = Release|Any CPU
		{73245F09-8C04-4CFA-BF45-9ADC6E65943E}.Release|Any CPU.Build.0 = Release|Any CPU
	EndGlobalSection
	GlobalSection(SolutionProperties) = preSolution
		HideSolutionNode = FALSE
	EndGlobalSection
	GlobalSection(ExtensibilityGlobals) = postSolution
		SolutionGuid = {E33F2A0F-C1FE-4482-BEEF-16FA5A8CA225}
	EndGlobalSection
EndGlobal
